
Microsoft Visual Studio Solution File, Format Version 12.00
# Visual Studio Version 17
VisualStudioVersion = 17.13.35825.156 d17.13
MinimumVisualStudioVersion = 10.0.40219.1
Project("{FAE04EC0-301F-11D3-BF4B-00C04F79EFBC}") = "TrainingExercises", "TrainingExercises.csproj", "{F9368340-C8EC-4A7E-B4D9-FD48CF9860C0}"
EndProject
Global
	GlobalSection(SolutionConfigurationPlatforms) = preSolution
		Debug|Any CPU = Debug|Any CPU
		Release|Any CPU = Release|Any CPU
	EndGlobalSection
	GlobalSection(ProjectConfigurationPlatforms) = postSolution
		{F9368340-C8EC-4A7E-B4D9-FD48CF9860C0}.Debug|Any CPU.ActiveCfg = Debug|Any CPU
		{F9368340-C8EC-4A7E-B4D9-FD48CF9860C0}.Debug|Any CPU.Build.0 = Debug|Any CPU
		{F9368340-C8EC-4A7E-B4D9-FD48CF9860C0}.Release|Any CPU.ActiveCfg = Release|Any CPU
		{F9368340-C8EC-4A7E-B4D9-FD48CF9860C0}.Release|Any CPU.Build.0 = Release|Any CPU
	EndGlobalSection
	GlobalSection(SolutionProperties) = preSolution
		HideSolutionNode = FALSE
	EndGlobalSection
	GlobalSection(ExtensibilityGlobals) = postSolution
		SolutionGuid = {87608661-46F8-4395-974D-9606263510F0}
	EndGlobalSection
EndGlobal
