
Microsoft Visual Studio Solution File, Format Version 12.00
# Visual Studio Version 17
VisualStudioVersion = 17.13.35825.156 d17.13
MinimumVisualStudioVersion = 10.0.40219.1
Project("{FAE04EC0-301F-11D3-BF4B-00C04F79EFBC}") = "WheatherApp", "WheatherApp.csproj", "{834A7DA1-EDAE-44E8-AA1E-753B22224465}"
EndProject
Global
	GlobalSection(SolutionConfigurationPlatforms) = preSolution
		Debug|Any CPU = Debug|Any CPU
		Release|Any CPU = Release|Any CPU
	EndGlobalSection
	GlobalSection(ProjectConfigurationPlatforms) = postSolution
		{834A7DA1-EDAE-44E8-AA1E-753B22224465}.Debug|Any CPU.ActiveCfg = Debug|Any CPU
		{834A7DA1-EDAE-44E8-AA1E-753B22224465}.Debug|Any CPU.Build.0 = Debug|Any CPU
		{834A7DA1-EDAE-44E8-AA1E-753B22224465}.Release|Any CPU.ActiveCfg = Release|Any CPU
		{834A7DA1-EDAE-44E8-AA1E-753B22224465}.Release|Any CPU.Build.0 = Release|Any CPU
	EndGlobalSection
	GlobalSection(SolutionProperties) = preSolution
		HideSolutionNode = FALSE
	EndGlobalSection
	GlobalSection(ExtensibilityGlobals) = postSolution
		SolutionGuid = {51BA3F5E-DC89-40A4-A84D-D48AF7E56FED}
	EndGlobalSection
EndGlobal
