
Microsoft Visual Studio Solution File, Format Version 12.00
# Visual Studio Version 17
VisualStudioVersion = 17.13.35825.156 d17.13
MinimumVisualStudioVersion = 10.0.40219.1
Project("{FAE04EC0-301F-11D3-BF4B-00C04F79EFBC}") = "ArrayAndMethods", "ArrayAndMethods.csproj", "{E69765F2-CF48-4552-B274-559CB10BED1B}"
EndProject
Global
	GlobalSection(SolutionConfigurationPlatforms) = preSolution
		Debug|Any CPU = Debug|Any CPU
		Release|Any CPU = Release|Any CPU
	EndGlobalSection
	GlobalSection(ProjectConfigurationPlatforms) = postSolution
		{E69765F2-CF48-4552-B274-559CB10BED1B}.Debug|Any CPU.ActiveCfg = Debug|Any CPU
		{E69765F2-CF48-4552-B274-559CB10BED1B}.Debug|Any CPU.Build.0 = Debug|Any CPU
		{E69765F2-CF48-4552-B274-559CB10BED1B}.Release|Any CPU.ActiveCfg = Release|Any CPU
		{E69765F2-CF48-4552-B274-559CB10BED1B}.Release|Any CPU.Build.0 = Release|Any CPU
	EndGlobalSection
	GlobalSection(SolutionProperties) = preSolution
		HideSolutionNode = FALSE
	EndGlobalSection
	GlobalSection(ExtensibilityGlobals) = postSolution
		SolutionGuid = {5092ECB3-A346-432B-870D-E05164CF4EF2}
	EndGlobalSection
EndGlobal
